
Microsoft Visual Studio Solution File, Format Version 12.00
# Visual Studio Version 16
VisualStudioVersion = 16.0.30503.244
MinimumVisualStudioVersion = 10.0.40219.1
Project("{FAE04EC0-301F-11D3-BF4B-00C04F79EFBC}") = "ConsoleApp_8_form", "ConsoleApp_8_form\ConsoleApp_8_form.csproj", "{6ACC853A-32A1-4339-A753-4D97FFDABA1C}"
EndProject
Global
	GlobalSection(SolutionConfigurationPlatforms) = preSolution
		Debug|Any CPU = Debug|Any CPU
		Release|Any CPU = Release|Any CPU
	EndGlobalSection
	GlobalSection(ProjectConfigurationPlatforms) = postSolution
		{6ACC853A-32A1-4339-A753-4D97FFDABA1C}.Debug|Any CPU.ActiveCfg = Debug|Any CPU
		{6ACC853A-32A1-4339-A753-4D97FFDABA1C}.Debug|Any CPU.Build.0 = Debug|Any CPU
		{6ACC853A-32A1-4339-A753-4D97FFDABA1C}.Release|Any CPU.ActiveCfg = Release|Any CPU
		{6ACC853A-32A1-4339-A753-4D97FFDABA1C}.Release|Any CPU.Build.0 = Release|Any CPU
	EndGlobalSection
	GlobalSection(SolutionProperties) = preSolution
		HideSolutionNode = FALSE
	EndGlobalSection
	GlobalSection(ExtensibilityGlobals) = postSolution
		SolutionGuid = {2C8C6E98-669C-4428-B0D3-3F994E61190C}
	EndGlobalSection
EndGlobal
